
Microsoft Visual Studio Solution File, Format Version 12.00
# Visual Studio Version 17
VisualStudioVersion = 17.5.002.0
MinimumVisualStudioVersion = 10.0.40219.1
Project("{9A19103F-16F7-4668-BE54-9A1E7A4F7556}") = "acme-publishing-api", "acme-publishing-api.csproj", "{7883D1BE-3E3C-451C-B13D-BE1A06D5FBC7}"
EndProject
Global
	GlobalSection(SolutionConfigurationPlatforms) = preSolution
		Debug|Any CPU = Debug|Any CPU
		Release|Any CPU = Release|Any CPU
	EndGlobalSection
	GlobalSection(ProjectConfigurationPlatforms) = postSolution
		{7883D1BE-3E3C-451C-B13D-BE1A06D5FBC7}.Debug|Any CPU.ActiveCfg = Debug|Any CPU
		{7883D1BE-3E3C-451C-B13D-BE1A06D5FBC7}.Debug|Any CPU.Build.0 = Debug|Any CPU
		{7883D1BE-3E3C-451C-B13D-BE1A06D5FBC7}.Release|Any CPU.ActiveCfg = Release|Any CPU
		{7883D1BE-3E3C-451C-B13D-BE1A06D5FBC7}.Release|Any CPU.Build.0 = Release|Any CPU
	EndGlobalSection
	GlobalSection(SolutionProperties) = preSolution
		HideSolutionNode = FALSE
	EndGlobalSection
	GlobalSection(ExtensibilityGlobals) = postSolution
		SolutionGuid = {91EADD96-0BC8-4365-BFEC-FCD4242B7578}
	EndGlobalSection
EndGlobal
